
Microsoft Visual Studio Solution File, Format Version 12.00
# Visual Studio Version 16
VisualStudioVersion = 16.0.28922.388
MinimumVisualStudioVersion = 10.0.40219.1
Project("{FAE04EC0-301F-11D3-BF4B-00C04F79EFBC}") = "TaurusBetaX.Android", "TaurusBetaX\TaurusBetaX.Android\TaurusBetaX.Android.csproj", "{EA0A728E-DB05-4607-8972-4DA16C09DAF7}"
EndProject
Project("{FAE04EC0-301F-11D3-BF4B-00C04F79EFBC}") = "TaurusBetaX.iOS", "TaurusBetaX\TaurusBetaX.iOS\TaurusBetaX.iOS.csproj", "{FF484290-99B9-49AF-9C05-9BCE04751366}"
EndProject
Project("{9A19103F-16F7-4668-BE54-9A1E7A4F7556}") = "TaurusBetaX", "TaurusBetaX\TaurusBetaX\TaurusBetaX.csproj", "{8D770EBD-FEFE-437E-B34E-E4581A569A57}"
EndProject
Project("{2150E333-8FDC-42A3-9474-1A3956D46DE8}") = "Solution Items", "Solution Items", "{145D1DB9-2626-4CE8-B0D2-53F4BB76910E}"
	ProjectSection(SolutionItems) = preProject
		.editorconfig = .editorconfig
		..\..\..\OneDrive\Pictures\back_button_blue.png = ..\..\..\OneDrive\Pictures\back_button_blue.png
		..\..\..\OneDrive\Pictures\Saved Pictures\big_fade_white.jpg = ..\..\..\OneDrive\Pictures\Saved Pictures\big_fade_white.jpg
		..\..\..\OneDrive\Pictures\blue_back_small.png = ..\..\..\OneDrive\Pictures\blue_back_small.png
		..\..\..\OneDrive\Pictures\RodneyArt\calendar_CLIP_225.png = ..\..\..\OneDrive\Pictures\RodneyArt\calendar_CLIP_225.png
		..\..\..\OneDrive\Pictures\RodneyArt\calendar_CLIP_300.png = ..\..\..\OneDrive\Pictures\RodneyArt\calendar_CLIP_300.png
		..\..\..\OneDrive\Pictures\RodneyArt\checklist_CLIP_225.png = ..\..\..\OneDrive\Pictures\RodneyArt\checklist_CLIP_225.png
		..\..\..\OneDrive\Pictures\RodneyArt\checklist_CLIP_300.png = ..\..\..\OneDrive\Pictures\RodneyArt\checklist_CLIP_300.png
		..\..\..\OneDrive\Pictures\dark_arrow_blue_back_small.png = ..\..\..\OneDrive\Pictures\dark_arrow_blue_back_small.png
		..\..\..\OneDrive\Documents\dark_arrow_blue_forward_small.png = ..\..\..\OneDrive\Documents\dark_arrow_blue_forward_small.png
		..\..\..\OneDrive\Pictures\RodneyArt\data.json = ..\..\..\OneDrive\Pictures\RodneyArt\data.json
		..\..\..\OneDrive\Pictures\days_completed.png = ..\..\..\OneDrive\Pictures\days_completed.png
		..\..\..\Downloads\down_11.json = ..\..\..\Downloads\down_11.json
		..\..\..\Downloads\down_12.json = ..\..\..\Downloads\down_12.json
		..\..\..\Downloads\down_13.json = ..\..\..\Downloads\down_13.json
		..\..\..\Downloads\Exercise_icon_vector_33.png = ..\..\..\Downloads\Exercise_icon_vector_33.png
		..\..\..\Downloads\Exercise_icon_vector_36.png = ..\..\..\Downloads\Exercise_icon_vector_36.png
		..\..\..\Downloads\Exercise_icon_vector_45.png = ..\..\..\Downloads\Exercise_icon_vector_45.png
		..\..\..\Downloads\Exercise_icon_vector_60.png = ..\..\..\Downloads\Exercise_icon_vector_60.png
		..\..\..\OneDrive\Pictures\RodneyArt\Squat\HeelSquat.json = ..\..\..\OneDrive\Pictures\RodneyArt\Squat\HeelSquat.json
		..\..\..\Downloads\Information_icon_vector_33.png = ..\..\..\Downloads\Information_icon_vector_33.png
		..\..\..\Downloads\Information_icon_vector_36.png = ..\..\..\Downloads\Information_icon_vector_36.png
		..\..\..\Downloads\Information_icon_vector_45.png = ..\..\..\Downloads\Information_icon_vector_45.png
		..\..\..\Downloads\Information_icon_vector_60.png = ..\..\..\Downloads\Information_icon_vector_60.png
		..\..\..\Downloads\images\intro_pic1.png = ..\..\..\Downloads\images\intro_pic1.png
		..\..\..\Downloads\images\intro_pic11.png = ..\..\..\Downloads\images\intro_pic11.png
		..\..\..\Downloads\images\intro_pic115.png = ..\..\..\Downloads\images\intro_pic115.png
		..\..\..\Downloads\images\intro_pic2.png = ..\..\..\Downloads\images\intro_pic2.png
		..\..\..\Downloads\images\intro_pic22.png = ..\..\..\Downloads\images\intro_pic22.png
		..\..\..\Downloads\images\intro_pic225.png = ..\..\..\Downloads\images\intro_pic225.png
		..\..\..\OneDrive\Pictures\RodneyArt\Kegel Reverse\KegelRev.json = ..\..\..\OneDrive\Pictures\RodneyArt\Kegel Reverse\KegelRev.json
		..\..\..\OneDrive\Pictures\RodneyArt\Kegel Reverse\KegelRev2L.json = ..\..\..\OneDrive\Pictures\RodneyArt\Kegel Reverse\KegelRev2L.json
		..\..\..\OneDrive\Pictures\RodneyArt\Kegel Trad\KegelTrad.json = ..\..\..\OneDrive\Pictures\RodneyArt\Kegel Trad\KegelTrad.json
		..\..\..\Downloads\new_sqt.json = ..\..\..\Downloads\new_sqt.json
		..\..\..\OneDrive\Pictures\product_manuals_24x.png = ..\..\..\OneDrive\Pictures\product_manuals_24x.png
		..\..\..\OneDrive\Pictures\product_manuals_36x.png = ..\..\..\OneDrive\Pictures\product_manuals_36x.png
		..\..\..\OneDrive\Pictures\Instructions\Reverse_Kegel_1.PNG = ..\..\..\OneDrive\Pictures\Instructions\Reverse_Kegel_1.PNG
		..\..\..\OneDrive\Pictures\Instructions\Reverse_Kegel_2.PNG = ..\..\..\OneDrive\Pictures\Instructions\Reverse_Kegel_2.PNG
		..\..\..\OneDrive\Pictures\small_round_check.jpg = ..\..\..\OneDrive\Pictures\small_round_check.jpg
		..\..\..\OneDrive\Pictures\small_round_nocheck.jpg = ..\..\..\OneDrive\Pictures\small_round_nocheck.jpg
		..\..\..\OneDrive\Pictures\small_starthere.png = ..\..\..\OneDrive\Pictures\small_starthere.png
		..\..\..\OneDrive\Pictures\small_vibrate_phone.jpg = ..\..\..\OneDrive\Pictures\small_vibrate_phone.jpg
		..\..\..\OneDrive\Pictures\small_yescheck.png = ..\..\..\OneDrive\Pictures\small_yescheck.png
		..\..\..\OneDrive\Pictures\Saved Pictures\SplashToruflex.jpg = ..\..\..\OneDrive\Pictures\Saved Pictures\SplashToruflex.jpg
		..\..\..\Downloads\squat\squat_1.png = ..\..\..\Downloads\squat\squat_1.png
		..\..\..\Downloads\squat\squat_4.png = ..\..\..\Downloads\squat\squat_4.png
		..\..\..\Downloads\thanksgiving.json = ..\..\..\Downloads\thanksgiving.json
		..\..\..\Downloads\thesquat2.json = ..\..\..\Downloads\thesquat2.json
		..\..\..\Downloads\Toruflex_carolina_small.jpg = ..\..\..\Downloads\Toruflex_carolina_small.jpg
		..\..\..\Downloads\Toruflex_dark_small.png = ..\..\..\Downloads\Toruflex_dark_small.png
		..\..\..\OneDrive\Pictures\RodneyArt\Toruflex\ToruflexSplash.png = ..\..\..\OneDrive\Pictures\RodneyArt\Toruflex\ToruflexSplash.png
		..\..\..\OneDrive\Pictures\Instructions\Traditional_Kegel_1.PNG = ..\..\..\OneDrive\Pictures\Instructions\Traditional_Kegel_1.PNG
		..\..\..\OneDrive\Pictures\Instructions\Traditional_Kegel_2.PNG = ..\..\..\OneDrive\Pictures\Instructions\Traditional_Kegel_2.PNG
		..\..\..\OneDrive\Pictures\vibrate_phone.jpg = ..\..\..\OneDrive\Pictures\vibrate_phone.jpg
		..\..\..\OneDrive\Pictures\Saved Pictures\white_toruflex2.jpg = ..\..\..\OneDrive\Pictures\Saved Pictures\white_toruflex2.jpg
		..\..\..\Downloads\workouts.csv = ..\..\..\Downloads\workouts.csv
		..\..\..\OneDrive\Pictures\WWW30minutewalk.jpg = ..\..\..\OneDrive\Pictures\WWW30minutewalk.jpg
		..\..\..\OneDrive\Pictures\WWWbadknees.jpg = ..\..\..\OneDrive\Pictures\WWWbadknees.jpg
		..\..\..\OneDrive\Pictures\WWWcatchingfire.jpg = ..\..\..\OneDrive\Pictures\WWWcatchingfire.jpg
		..\..\..\OneDrive\Pictures\WWWepicabsintro.jpg = ..\..\..\OneDrive\Pictures\WWWepicabsintro.jpg
		..\..\..\OneDrive\Pictures\WWWepicarmintro.jpg = ..\..\..\OneDrive\Pictures\WWWepicarmintro.jpg
		..\..\..\OneDrive\Pictures\WWWhot-zone-workout-intro.jpg = ..\..\..\OneDrive\Pictures\WWWhot-zone-workout-intro.jpg
		..\..\..\OneDrive\Pictures\WWWvortex-workout-intro.jpg = ..\..\..\OneDrive\Pictures\WWWvortex-workout-intro.jpg
	EndProjectSection
EndProject
Global
	GlobalSection(SolutionConfigurationPlatforms) = preSolution
		Ad-Hoc|Any CPU = Ad-Hoc|Any CPU
		Ad-Hoc|ARM = Ad-Hoc|ARM
		Ad-Hoc|iPhone = Ad-Hoc|iPhone
		Ad-Hoc|iPhoneSimulator = Ad-Hoc|iPhoneSimulator
		Ad-Hoc|x64 = Ad-Hoc|x64
		Ad-Hoc|x86 = Ad-Hoc|x86
		AppStore|Any CPU = AppStore|Any CPU
		AppStore|ARM = AppStore|ARM
		AppStore|iPhone = AppStore|iPhone
		AppStore|iPhoneSimulator = AppStore|iPhoneSimulator
		AppStore|x64 = AppStore|x64
		AppStore|x86 = AppStore|x86
		Debug|Any CPU = Debug|Any CPU
		Debug|ARM = Debug|ARM
		Debug|iPhone = Debug|iPhone
		Debug|iPhoneSimulator = Debug|iPhoneSimulator
		Debug|x64 = Debug|x64
		Debug|x86 = Debug|x86
		Release|Any CPU = Release|Any CPU
		Release|ARM = Release|ARM
		Release|iPhone = Release|iPhone
		Release|iPhoneSimulator = Release|iPhoneSimulator
		Release|x64 = Release|x64
		Release|x86 = Release|x86
	EndGlobalSection
	GlobalSection(ProjectConfigurationPlatforms) = postSolution
		{EA0A728E-DB05-4607-8972-4DA16C09DAF7}.Ad-Hoc|Any CPU.ActiveCfg = Release|Any CPU
		{EA0A728E-DB05-4607-8972-4DA16C09DAF7}.Ad-Hoc|Any CPU.Build.0 = Release|Any CPU
		{EA0A728E-DB05-4607-8972-4DA16C09DAF7}.Ad-Hoc|Any CPU.Deploy.0 = Release|Any CPU
		{EA0A728E-DB05-4607-8972-4DA16C09DAF7}.Ad-Hoc|ARM.ActiveCfg = Release|Any CPU
		{EA0A728E-DB05-4607-8972-4DA16C09DAF7}.Ad-Hoc|ARM.Build.0 = Release|Any CPU
		{EA0A728E-DB05-4607-8972-4DA16C09DAF7}.Ad-Hoc|ARM.Deploy.0 = Release|Any CPU
		{EA0A728E-DB05-4607-8972-4DA16C09DAF7}.Ad-Hoc|iPhone.ActiveCfg = Release|Any CPU
		{EA0A728E-DB05-4607-8972-4DA16C09DAF7}.Ad-Hoc|iPhone.Build.0 = Release|Any CPU
		{EA0A728E-DB05-4607-8972-4DA16C09DAF7}.Ad-Hoc|iPhone.Deploy.0 = Release|Any CPU
		{EA0A728E-DB05-4607-8972-4DA16C09DAF7}.Ad-Hoc|iPhoneSimulator.ActiveCfg = Release|Any CPU
		{EA0A728E-DB05-4607-8972-4DA16C09DAF7}.Ad-Hoc|iPhoneSimulator.Build.0 = Release|Any CPU
		{EA0A728E-DB05-4607-8972-4DA16C09DAF7}.Ad-Hoc|iPhoneSimulator.Deploy.0 = Release|Any CPU
		{EA0A728E-DB05-4607-8972-4DA16C09DAF7}.Ad-Hoc|x64.ActiveCfg = Release|Any CPU
		{EA0A728E-DB05-4607-8972-4DA16C09DAF7}.Ad-Hoc|x64.Build.0 = Release|Any CPU
		{EA0A728E-DB05-4607-8972-4DA16C09DAF7}.Ad-Hoc|x64.Deploy.0 = Release|Any CPU
		{EA0A728E-DB05-4607-8972-4DA16C09DAF7}.Ad-Hoc|x86.ActiveCfg = Release|Any CPU
		{EA0A728E-DB05-4607-8972-4DA16C09DAF7}.Ad-Hoc|x86.Build.0 = Release|Any CPU
		{EA0A728E-DB05-4607-8972-4DA16C09DAF7}.Ad-Hoc|x86.Deploy.0 = Release|Any CPU
		{EA0A728E-DB05-4607-8972-4DA16C09DAF7}.AppStore|Any CPU.ActiveCfg = Release|Any CPU
		{EA0A728E-DB05-4607-8972-4DA16C09DAF7}.AppStore|Any CPU.Build.0 = Release|Any CPU
		{EA0A728E-DB05-4607-8972-4DA16C09DAF7}.AppStore|Any CPU.Deploy.0 = Release|Any CPU
		{EA0A728E-DB05-4607-8972-4DA16C09DAF7}.AppStore|ARM.ActiveCfg = Release|Any CPU
		{EA0A728E-DB05-4607-8972-4DA16C09DAF7}.AppStore|ARM.Build.0 = Release|Any CPU
		{EA0A728E-DB05-4607-8972-4DA16C09DAF7}.AppStore|ARM.Deploy.0 = Release|Any CPU
		{EA0A728E-DB05-4607-8972-4DA16C09DAF7}.AppStore|iPhone.ActiveCfg = Release|Any CPU
		{EA0A728E-DB05-4607-8972-4DA16C09DAF7}.AppStore|iPhone.Build.0 = Release|Any CPU
		{EA0A728E-DB05-4607-8972-4DA16C09DAF7}.AppStore|iPhone.Deploy.0 = Release|Any CPU
		{EA0A728E-DB05-4607-8972-4DA16C09DAF7}.AppStore|iPhoneSimulator.ActiveCfg = Release|Any CPU
		{EA0A728E-DB05-4607-8972-4DA16C09DAF7}.AppStore|iPhoneSimulator.Build.0 = Release|Any CPU
		{EA0A728E-DB05-4607-8972-4DA16C09DAF7}.AppStore|iPhoneSimulator.Deploy.0 = Release|Any CPU
		{EA0A728E-DB05-4607-8972-4DA16C09DAF7}.AppStore|x64.ActiveCfg = Release|Any CPU
		{EA0A728E-DB05-4607-8972-4DA16C09DAF7}.AppStore|x64.Build.0 = Release|Any CPU
		{EA0A728E-DB05-4607-8972-4DA16C09DAF7}.AppStore|x64.Deploy.0 = Release|Any CPU
		{EA0A728E-DB05-4607-8972-4DA16C09DAF7}.AppStore|x86.ActiveCfg = Release|Any CPU
		{EA0A728E-DB05-4607-8972-4DA16C09DAF7}.AppStore|x86.Build.0 = Release|Any CPU
		{EA0A728E-DB05-4607-8972-4DA16C09DAF7}.AppStore|x86.Deploy.0 = Release|Any CPU
		{EA0A728E-DB05-4607-8972-4DA16C09DAF7}.Debug|Any CPU.ActiveCfg = Debug|Any CPU
		{EA0A728E-DB05-4607-8972-4DA16C09DAF7}.Debug|Any CPU.Build.0 = Debug|Any CPU
		{EA0A728E-DB05-4607-8972-4DA16C09DAF7}.Debug|Any CPU.Deploy.0 = Debug|Any CPU
		{EA0A728E-DB05-4607-8972-4DA16C09DAF7}.Debug|ARM.ActiveCfg = Debug|Any CPU
		{EA0A728E-DB05-4607-8972-4DA16C09DAF7}.Debug|ARM.Build.0 = Debug|Any CPU
		{EA0A728E-DB05-4607-8972-4DA16C09DAF7}.Debug|ARM.Deploy.0 = Debug|Any CPU
		{EA0A728E-DB05-4607-8972-4DA16C09DAF7}.Debug|iPhone.ActiveCfg = Debug|Any CPU
		{EA0A728E-DB05-4607-8972-4DA16C09DAF7}.Debug|iPhone.Build.0 = Debug|Any CPU
		{EA0A728E-DB05-4607-8972-4DA16C09DAF7}.Debug|iPhone.Deploy.0 = Debug|Any CPU
		{EA0A728E-DB05-4607-8972-4DA16C09DAF7}.Debug|iPhoneSimulator.ActiveCfg = Debug|Any CPU
		{EA0A728E-DB05-4607-8972-4DA16C09DAF7}.Debug|iPhoneSimulator.Build.0 = Debug|Any CPU
		{EA0A728E-DB05-4607-8972-4DA16C09DAF7}.Debug|iPhoneSimulator.Deploy.0 = Debug|Any CPU
		{EA0A728E-DB05-4607-8972-4DA16C09DAF7}.Debug|x64.ActiveCfg = Debug|Any CPU
		{EA0A728E-DB05-4607-8972-4DA16C09DAF7}.Debug|x64.Build.0 = Debug|Any CPU
		{EA0A728E-DB05-4607-8972-4DA16C09DAF7}.Debug|x64.Deploy.0 = Debug|Any CPU
		{EA0A728E-DB05-4607-8972-4DA16C09DAF7}.Debug|x86.ActiveCfg = Debug|Any CPU
		{EA0A728E-DB05-4607-8972-4DA16C09DAF7}.Debug|x86.Build.0 = Debug|Any CPU
		{EA0A728E-DB05-4607-8972-4DA16C09DAF7}.Debug|x86.Deploy.0 = Debug|Any CPU
		{EA0A728E-DB05-4607-8972-4DA16C09DAF7}.Release|Any CPU.ActiveCfg = Release|Any CPU
		{EA0A728E-DB05-4607-8972-4DA16C09DAF7}.Release|Any CPU.Build.0 = Release|Any CPU
		{EA0A728E-DB05-4607-8972-4DA16C09DAF7}.Release|Any CPU.Deploy.0 = Release|Any CPU
		{EA0A728E-DB05-4607-8972-4DA16C09DAF7}.Release|ARM.ActiveCfg = Release|Any CPU
		{EA0A728E-DB05-4607-8972-4DA16C09DAF7}.Release|ARM.Build.0 = Release|Any CPU
		{EA0A728E-DB05-4607-8972-4DA16C09DAF7}.Release|ARM.Deploy.0 = Release|Any CPU
		{EA0A728E-DB05-4607-8972-4DA16C09DAF7}.Release|iPhone.ActiveCfg = Release|Any CPU
		{EA0A728E-DB05-4607-8972-4DA16C09DAF7}.Release|iPhone.Build.0 = Release|Any CPU
		{EA0A728E-DB05-4607-8972-4DA16C09DAF7}.Release|iPhone.Deploy.0 = Release|Any CPU
		{EA0A728E-DB05-4607-8972-4DA16C09DAF7}.Release|iPhoneSimulator.ActiveCfg = Release|Any CPU
		{EA0A728E-DB05-4607-8972-4DA16C09DAF7}.Release|iPhoneSimulator.Build.0 = Release|Any CPU
		{EA0A728E-DB05-4607-8972-4DA16C09DAF7}.Release|iPhoneSimulator.Deploy.0 = Release|Any CPU
		{EA0A728E-DB05-4607-8972-4DA16C09DAF7}.Release|x64.ActiveCfg = Release|Any CPU
		{EA0A728E-DB05-4607-8972-4DA16C09DAF7}.Release|x64.Build.0 = Release|Any CPU
		{EA0A728E-DB05-4607-8972-4DA16C09DAF7}.Release|x64.Deploy.0 = Release|Any CPU
		{EA0A728E-DB05-4607-8972-4DA16C09DAF7}.Release|x86.ActiveCfg = Release|Any CPU
		{EA0A728E-DB05-4607-8972-4DA16C09DAF7}.Release|x86.Build.0 = Release|Any CPU
		{EA0A728E-DB05-4607-8972-4DA16C09DAF7}.Release|x86.Deploy.0 = Release|Any CPU
		{FF484290-99B9-49AF-9C05-9BCE04751366}.Ad-Hoc|Any CPU.ActiveCfg = Ad-Hoc|iPhone
		{FF484290-99B9-49AF-9C05-9BCE04751366}.Ad-Hoc|Any CPU.Build.0 = Ad-Hoc|iPhone
		{FF484290-99B9-49AF-9C05-9BCE04751366}.Ad-Hoc|Any CPU.Deploy.0 = Ad-Hoc|iPhone
		{FF484290-99B9-49AF-9C05-9BCE04751366}.Ad-Hoc|ARM.ActiveCfg = Ad-Hoc|iPhone
		{FF484290-99B9-49AF-9C05-9BCE04751366}.Ad-Hoc|ARM.Build.0 = Ad-Hoc|iPhone
		{FF484290-99B9-49AF-9C05-9BCE04751366}.Ad-Hoc|ARM.Deploy.0 = Ad-Hoc|iPhone
		{FF484290-99B9-49AF-9C05-9BCE04751366}.Ad-Hoc|iPhone.ActiveCfg = Ad-Hoc|iPhone
		{FF484290-99B9-49AF-9C05-9BCE04751366}.Ad-Hoc|iPhone.Build.0 = Ad-Hoc|iPhone
		{FF484290-99B9-49AF-9C05-9BCE04751366}.Ad-Hoc|iPhone.Deploy.0 = Ad-Hoc|iPhone
		{FF484290-99B9-49AF-9C05-9BCE04751366}.Ad-Hoc|iPhoneSimulator.ActiveCfg = Ad-Hoc|iPhoneSimulator
		{FF484290-99B9-49AF-9C05-9BCE04751366}.Ad-Hoc|iPhoneSimulator.Build.0 = Ad-Hoc|iPhoneSimulator
		{FF484290-99B9-49AF-9C05-9BCE04751366}.Ad-Hoc|iPhoneSimulator.Deploy.0 = Ad-Hoc|iPhoneSimulator
		{FF484290-99B9-49AF-9C05-9BCE04751366}.Ad-Hoc|x64.ActiveCfg = Ad-Hoc|iPhone
		{FF484290-99B9-49AF-9C05-9BCE04751366}.Ad-Hoc|x64.Build.0 = Ad-Hoc|iPhone
		{FF484290-99B9-49AF-9C05-9BCE04751366}.Ad-Hoc|x64.Deploy.0 = Ad-Hoc|iPhone
		{FF484290-99B9-49AF-9C05-9BCE04751366}.Ad-Hoc|x86.ActiveCfg = Ad-Hoc|iPhone
		{FF484290-99B9-49AF-9C05-9BCE04751366}.Ad-Hoc|x86.Build.0 = Ad-Hoc|iPhone
		{FF484290-99B9-49AF-9C05-9BCE04751366}.Ad-Hoc|x86.Deploy.0 = Ad-Hoc|iPhone
		{FF484290-99B9-49AF-9C05-9BCE04751366}.AppStore|Any CPU.ActiveCfg = AppStore|iPhone
		{FF484290-99B9-49AF-9C05-9BCE04751366}.AppStore|Any CPU.Build.0 = AppStore|iPhone
		{FF484290-99B9-49AF-9C05-9BCE04751366}.AppStore|Any CPU.Deploy.0 = AppStore|iPhone
		{FF484290-99B9-49AF-9C05-9BCE04751366}.AppStore|ARM.ActiveCfg = AppStore|iPhone
		{FF484290-99B9-49AF-9C05-9BCE04751366}.AppStore|ARM.Build.0 = AppStore|iPhone
		{FF484290-99B9-49AF-9C05-9BCE04751366}.AppStore|ARM.Deploy.0 = AppStore|iPhone
		{FF484290-99B9-49AF-9C05-9BCE04751366}.AppStore|iPhone.ActiveCfg = AppStore|iPhone
		{FF484290-99B9-49AF-9C05-9BCE04751366}.AppStore|iPhone.Build.0 = AppStore|iPhone
		{FF484290-99B9-49AF-9C05-9BCE04751366}.AppStore|iPhone.Deploy.0 = AppStore|iPhone
		{FF484290-99B9-49AF-9C05-9BCE04751366}.AppStore|iPhoneSimulator.ActiveCfg = AppStore|iPhoneSimulator
		{FF484290-99B9-49AF-9C05-9BCE04751366}.AppStore|iPhoneSimulator.Build.0 = AppStore|iPhoneSimulator
		{FF484290-99B9-49AF-9C05-9BCE04751366}.AppStore|iPhoneSimulator.Deploy.0 = AppStore|iPhoneSimulator
		{FF484290-99B9-49AF-9C05-9BCE04751366}.AppStore|x64.ActiveCfg = AppStore|iPhone
		{FF484290-99B9-49AF-9C05-9BCE04751366}.AppStore|x64.Build.0 = AppStore|iPhone
		{FF484290-99B9-49AF-9C05-9BCE04751366}.AppStore|x64.Deploy.0 = AppStore|iPhone
		{FF484290-99B9-49AF-9C05-9BCE04751366}.AppStore|x86.ActiveCfg = AppStore|iPhone
		{FF484290-99B9-49AF-9C05-9BCE04751366}.AppStore|x86.Build.0 = AppStore|iPhone
		{FF484290-99B9-49AF-9C05-9BCE04751366}.AppStore|x86.Deploy.0 = AppStore|iPhone
		{FF484290-99B9-49AF-9C05-9BCE04751366}.Debug|Any CPU.ActiveCfg = Debug|iPhoneSimulator
		{FF484290-99B9-49AF-9C05-9BCE04751366}.Debug|Any CPU.Build.0 = Debug|iPhoneSimulator
		{FF484290-99B9-49AF-9C05-9BCE04751366}.Debug|Any CPU.Deploy.0 = Debug|iPhoneSimulator
		{FF484290-99B9-49AF-9C05-9BCE04751366}.Debug|ARM.ActiveCfg = Debug|iPhone
		{FF484290-99B9-49AF-9C05-9BCE04751366}.Debug|ARM.Build.0 = Debug|iPhone
		{FF484290-99B9-49AF-9C05-9BCE04751366}.Debug|ARM.Deploy.0 = Debug|iPhone
		{FF484290-99B9-49AF-9C05-9BCE04751366}.Debug|iPhone.ActiveCfg = Debug|iPhone
		{FF484290-99B9-49AF-9C05-9BCE04751366}.Debug|iPhone.Build.0 = Debug|iPhone
		{FF484290-99B9-49AF-9C05-9BCE04751366}.Debug|iPhone.Deploy.0 = Debug|iPhone
		{FF484290-99B9-49AF-9C05-9BCE04751366}.Debug|iPhoneSimulator.ActiveCfg = Debug|iPhoneSimulator
		{FF484290-99B9-49AF-9C05-9BCE04751366}.Debug|iPhoneSimulator.Build.0 = Debug|iPhoneSimulator
		{FF484290-99B9-49AF-9C05-9BCE04751366}.Debug|iPhoneSimulator.Deploy.0 = Debug|iPhoneSimulator
		{FF484290-99B9-49AF-9C05-9BCE04751366}.Debug|x64.ActiveCfg = Debug|iPhone
		{FF484290-99B9-49AF-9C05-9BCE04751366}.Debug|x64.Build.0 = Debug|iPhone
		{FF484290-99B9-49AF-9C05-9BCE04751366}.Debug|x64.Deploy.0 = Debug|iPhone
		{FF484290-99B9-49AF-9C05-9BCE04751366}.Debug|x86.ActiveCfg = Debug|iPhone
		{FF484290-99B9-49AF-9C05-9BCE04751366}.Debug|x86.Build.0 = Debug|iPhone
		{FF484290-99B9-49AF-9C05-9BCE04751366}.Debug|x86.Deploy.0 = Debug|iPhone
		{FF484290-99B9-49AF-9C05-9BCE04751366}.Release|Any CPU.ActiveCfg = Release|iPhone
		{FF484290-99B9-49AF-9C05-9BCE04751366}.Release|Any CPU.Build.0 = Release|iPhone
		{FF484290-99B9-49AF-9C05-9BCE04751366}.Release|Any CPU.Deploy.0 = Release|iPhone
		{FF484290-99B9-49AF-9C05-9BCE04751366}.Release|ARM.ActiveCfg = Release|iPhone
		{FF484290-99B9-49AF-9C05-9BCE04751366}.Release|ARM.Build.0 = Release|iPhone
		{FF484290-99B9-49AF-9C05-9BCE04751366}.Release|ARM.Deploy.0 = Release|iPhone
		{FF484290-99B9-49AF-9C05-9BCE04751366}.Release|iPhone.ActiveCfg = Release|iPhone
		{FF484290-99B9-49AF-9C05-9BCE04751366}.Release|iPhone.Build.0 = Release|iPhone
		{FF484290-99B9-49AF-9C05-9BCE04751366}.Release|iPhone.Deploy.0 = Release|iPhone
		{FF484290-99B9-49AF-9C05-9BCE04751366}.Release|iPhoneSimulator.ActiveCfg = Release|iPhoneSimulator
		{FF484290-99B9-49AF-9C05-9BCE04751366}.Release|iPhoneSimulator.Build.0 = Release|iPhoneSimulator
		{FF484290-99B9-49AF-9C05-9BCE04751366}.Release|iPhoneSimulator.Deploy.0 = Release|iPhoneSimulator
		{FF484290-99B9-49AF-9C05-9BCE04751366}.Release|x64.ActiveCfg = Release|iPhone
		{FF484290-99B9-49AF-9C05-9BCE04751366}.Release|x64.Build.0 = Release|iPhone
		{FF484290-99B9-49AF-9C05-9BCE04751366}.Release|x64.Deploy.0 = Release|iPhone
		{FF484290-99B9-49AF-9C05-9BCE04751366}.Release|x86.ActiveCfg = Release|iPhone
		{FF484290-99B9-49AF-9C05-9BCE04751366}.Release|x86.Build.0 = Release|iPhone
		{FF484290-99B9-49AF-9C05-9BCE04751366}.Release|x86.Deploy.0 = Release|iPhone
		{8D770EBD-FEFE-437E-B34E-E4581A569A57}.Ad-Hoc|Any CPU.ActiveCfg = Debug|Any CPU
		{8D770EBD-FEFE-437E-B34E-E4581A569A57}.Ad-Hoc|Any CPU.Build.0 = Debug|Any CPU
		{8D770EBD-FEFE-437E-B34E-E4581A569A57}.Ad-Hoc|Any CPU.Deploy.0 = Debug|Any CPU
		{8D770EBD-FEFE-437E-B34E-E4581A569A57}.Ad-Hoc|ARM.ActiveCfg = Debug|Any CPU
		{8D770EBD-FEFE-437E-B34E-E4581A569A57}.Ad-Hoc|ARM.Build.0 = Debug|Any CPU
		{8D770EBD-FEFE-437E-B34E-E4581A569A57}.Ad-Hoc|ARM.Deploy.0 = Debug|Any CPU
		{8D770EBD-FEFE-437E-B34E-E4581A569A57}.Ad-Hoc|iPhone.ActiveCfg = Debug|Any CPU
		{8D770EBD-FEFE-437E-B34E-E4581A569A57}.Ad-Hoc|iPhone.Build.0 = Debug|Any CPU
		{8D770EBD-FEFE-437E-B34E-E4581A569A57}.Ad-Hoc|iPhone.Deploy.0 = Debug|Any CPU
		{8D770EBD-FEFE-437E-B34E-E4581A569A57}.Ad-Hoc|iPhoneSimulator.ActiveCfg = Debug|Any CPU
		{8D770EBD-FEFE-437E-B34E-E4581A569A57}.Ad-Hoc|iPhoneSimulator.Build.0 = Debug|Any CPU
		{8D770EBD-FEFE-437E-B34E-E4581A569A57}.Ad-Hoc|iPhoneSimulator.Deploy.0 = Debug|Any CPU
		{8D770EBD-FEFE-437E-B34E-E4581A569A57}.Ad-Hoc|x64.ActiveCfg = Debug|Any CPU
		{8D770EBD-FEFE-437E-B34E-E4581A569A57}.Ad-Hoc|x64.Build.0 = Debug|Any CPU
		{8D770EBD-FEFE-437E-B34E-E4581A569A57}.Ad-Hoc|x64.Deploy.0 = Debug|Any CPU
		{8D770EBD-FEFE-437E-B34E-E4581A569A57}.Ad-Hoc|x86.ActiveCfg = Debug|Any CPU
		{8D770EBD-FEFE-437E-B34E-E4581A569A57}.Ad-Hoc|x86.Build.0 = Debug|Any CPU
		{8D770EBD-FEFE-437E-B34E-E4581A569A57}.Ad-Hoc|x86.Deploy.0 = Debug|Any CPU
		{8D770EBD-FEFE-437E-B34E-E4581A569A57}.AppStore|Any CPU.ActiveCfg = Debug|Any CPU
		{8D770EBD-FEFE-437E-B34E-E4581A569A57}.AppStore|Any CPU.Build.0 = Debug|Any CPU
		{8D770EBD-FEFE-437E-B34E-E4581A569A57}.AppStore|Any CPU.Deploy.0 = Debug|Any CPU
		{8D770EBD-FEFE-437E-B34E-E4581A569A57}.AppStore|ARM.ActiveCfg = Debug|Any CPU
		{8D770EBD-FEFE-437E-B34E-E4581A569A57}.AppStore|ARM.Build.0 = Debug|Any CPU
		{8D770EBD-FEFE-437E-B34E-E4581A569A57}.AppStore|ARM.Deploy.0 = Debug|Any CPU
		{8D770EBD-FEFE-437E-B34E-E4581A569A57}.AppStore|iPhone.ActiveCfg = Debug|Any CPU
		{8D770EBD-FEFE-437E-B34E-E4581A569A57}.AppStore|iPhone.Build.0 = Debug|Any CPU
		{8D770EBD-FEFE-437E-B34E-E4581A569A57}.AppStore|iPhone.Deploy.0 = Debug|Any CPU
		{8D770EBD-FEFE-437E-B34E-E4581A569A57}.AppStore|iPhoneSimulator.ActiveCfg = Debug|Any CPU
		{8D770EBD-FEFE-437E-B34E-E4581A569A57}.AppStore|iPhoneSimulator.Build.0 = Debug|Any CPU
		{8D770EBD-FEFE-437E-B34E-E4581A569A57}.AppStore|iPhoneSimulator.Deploy.0 = Debug|Any CPU
		{8D770EBD-FEFE-437E-B34E-E4581A569A57}.AppStore|x64.ActiveCfg = Debug|Any CPU
		{8D770EBD-FEFE-437E-B34E-E4581A569A57}.AppStore|x64.Build.0 = Debug|Any CPU
		{8D770EBD-FEFE-437E-B34E-E4581A569A57}.AppStore|x64.Deploy.0 = Debug|Any CPU
		{8D770EBD-FEFE-437E-B34E-E4581A569A57}.AppStore|x86.ActiveCfg = Debug|Any CPU
		{8D770EBD-FEFE-437E-B34E-E4581A569A57}.AppStore|x86.Build.0 = Debug|Any CPU
		{8D770EBD-FEFE-437E-B34E-E4581A569A57}.AppStore|x86.Deploy.0 = Debug|Any CPU
		{8D770EBD-FEFE-437E-B34E-E4581A569A57}.Debug|Any CPU.ActiveCfg = Debug|Any CPU
		{8D770EBD-FEFE-437E-B34E-E4581A569A57}.Debug|Any CPU.Build.0 = Debug|Any CPU
		{8D770EBD-FEFE-437E-B34E-E4581A569A57}.Debug|Any CPU.Deploy.0 = Debug|Any CPU
		{8D770EBD-FEFE-437E-B34E-E4581A569A57}.Debug|ARM.ActiveCfg = Debug|Any CPU
		{8D770EBD-FEFE-437E-B34E-E4581A569A57}.Debug|ARM.Build.0 = Debug|Any CPU
		{8D770EBD-FEFE-437E-B34E-E4581A569A57}.Debug|ARM.Deploy.0 = Debug|Any CPU
		{8D770EBD-FEFE-437E-B34E-E4581A569A57}.Debug|iPhone.ActiveCfg = Debug|Any CPU
		{8D770EBD-FEFE-437E-B34E-E4581A569A57}.Debug|iPhone.Build.0 = Debug|Any CPU
		{8D770EBD-FEFE-437E-B34E-E4581A569A57}.Debug|iPhone.Deploy.0 = Debug|Any CPU
		{8D770EBD-FEFE-437E-B34E-E4581A569A57}.Debug|iPhoneSimulator.ActiveCfg = Debug|Any CPU
		{8D770EBD-FEFE-437E-B34E-E4581A569A57}.Debug|iPhoneSimulator.Build.0 = Debug|Any CPU
		{8D770EBD-FEFE-437E-B34E-E4581A569A57}.Debug|iPhoneSimulator.Deploy.0 = Debug|Any CPU
		{8D770EBD-FEFE-437E-B34E-E4581A569A57}.Debug|x64.ActiveCfg = Debug|Any CPU
		{8D770EBD-FEFE-437E-B34E-E4581A569A57}.Debug|x64.Build.0 = Debug|Any CPU
		{8D770EBD-FEFE-437E-B34E-E4581A569A57}.Debug|x64.Deploy.0 = Debug|Any CPU
		{8D770EBD-FEFE-437E-B34E-E4581A569A57}.Debug|x86.ActiveCfg = Debug|Any CPU
		{8D770EBD-FEFE-437E-B34E-E4581A569A57}.Debug|x86.Build.0 = Debug|Any CPU
		{8D770EBD-FEFE-437E-B34E-E4581A569A57}.Debug|x86.Deploy.0 = Debug|Any CPU
		{8D770EBD-FEFE-437E-B34E-E4581A569A57}.Release|Any CPU.ActiveCfg = Release|Any CPU
		{8D770EBD-FEFE-437E-B34E-E4581A569A57}.Release|Any CPU.Build.0 = Release|Any CPU
		{8D770EBD-FEFE-437E-B34E-E4581A569A57}.Release|Any CPU.Deploy.0 = Release|Any CPU
		{8D770EBD-FEFE-437E-B34E-E4581A569A57}.Release|ARM.ActiveCfg = Release|Any CPU
		{8D770EBD-FEFE-437E-B34E-E4581A569A57}.Release|ARM.Build.0 = Release|Any CPU
		{8D770EBD-FEFE-437E-B34E-E4581A569A57}.Release|ARM.Deploy.0 = Release|Any CPU
		{8D770EBD-FEFE-437E-B34E-E4581A569A57}.Release|iPhone.ActiveCfg = Release|Any CPU
		{8D770EBD-FEFE-437E-B34E-E4581A569A57}.Release|iPhone.Build.0 = Release|Any CPU
		{8D770EBD-FEFE-437E-B34E-E4581A569A57}.Release|iPhone.Deploy.0 = Release|Any CPU
		{8D770EBD-FEFE-437E-B34E-E4581A569A57}.Release|iPhoneSimulator.ActiveCfg = Release|Any CPU
		{8D770EBD-FEFE-437E-B34E-E4581A569A57}.Release|iPhoneSimulator.Build.0 = Release|Any CPU
		{8D770EBD-FEFE-437E-B34E-E4581A569A57}.Release|iPhoneSimulator.Deploy.0 = Release|Any CPU
		{8D770EBD-FEFE-437E-B34E-E4581A569A57}.Release|x64.ActiveCfg = Release|Any CPU
		{8D770EBD-FEFE-437E-B34E-E4581A569A57}.Release|x64.Build.0 = Release|Any CPU
		{8D770EBD-FEFE-437E-B34E-E4581A569A57}.Release|x64.Deploy.0 = Release|Any CPU
		{8D770EBD-FEFE-437E-B34E-E4581A569A57}.Release|x86.ActiveCfg = Release|Any CPU
		{8D770EBD-FEFE-437E-B34E-E4581A569A57}.Release|x86.Build.0 = Release|Any CPU
		{8D770EBD-FEFE-437E-B34E-E4581A569A57}.Release|x86.Deploy.0 = Release|Any CPU
	EndGlobalSection
	GlobalSection(SolutionProperties) = preSolution
		HideSolutionNode = FALSE
	EndGlobalSection
	GlobalSection(ExtensibilityGlobals) = postSolution
		SolutionGuid = {DB38A9C5-49B3-4C97-B644-763AC4D6EB8D}
	EndGlobalSection
EndGlobal
